
Microsoft Visual Studio Solution File, Format Version 12.00
# Visual Studio Version 17
VisualStudioVersion = 17.5.002.0
MinimumVisualStudioVersion = 10.0.40219.1
Project("{9A19103F-16F7-4668-BE54-9A1E7A4F7556}") = "PA2", "PA2.csproj", "{6FF8D421-052B-4C64-9CA8-294D3243C336}"
EndProject
Global
	GlobalSection(SolutionConfigurationPlatforms) = preSolution
		Debug|Any CPU = Debug|Any CPU
		Release|Any CPU = Release|Any CPU
	EndGlobalSection
	GlobalSection(ProjectConfigurationPlatforms) = postSolution
		{6FF8D421-052B-4C64-9CA8-294D3243C336}.Debug|Any CPU.ActiveCfg = Debug|Any CPU
		{6FF8D421-052B-4C64-9CA8-294D3243C336}.Debug|Any CPU.Build.0 = Debug|Any CPU
		{6FF8D421-052B-4C64-9CA8-294D3243C336}.Release|Any CPU.ActiveCfg = Release|Any CPU
		{6FF8D421-052B-4C64-9CA8-294D3243C336}.Release|Any CPU.Build.0 = Release|Any CPU
	EndGlobalSection
	GlobalSection(SolutionProperties) = preSolution
		HideSolutionNode = FALSE
	EndGlobalSection
	GlobalSection(ExtensibilityGlobals) = postSolution
		SolutionGuid = {6054D864-FFDE-4D72-8B4C-C7FDFA23B43C}
	EndGlobalSection
EndGlobal
